
Microsoft Visual Studio Solution File, Format Version 12.00
Project("{FAE04EC0-301F-11D3-BF4B-00C04F79EFBC}") = "ServiceDefaults", "ServiceDefaults\ServiceDefaults.csproj", "{E3D7197E-86F0-4CDB-A0CB-00366B815570}"
EndProject
Project("{FAE04EC0-301F-11D3-BF4B-00C04F79EFBC}") = "ProducerConsumer.Producer", "ProducerConsumer\ProducerConsumer.Producer\ProducerConsumer.Producer.csproj", "{DB5DC775-73ED-491A-9DB1-117F66F1A523}"
EndProject
Project("{FAE04EC0-301F-11D3-BF4B-00C04F79EFBC}") = "ProducerConsumer.Consumer", "ProducerConsumer\ProducerConsumer.Consumer\ProducerConsumer.Consumer.csproj", "{512C6CD1-D089-4964-9884-8E84CA9E8855}"
EndProject
Project("{2150E333-8FDC-42A3-9474-1A3956D46DE8}") = "ProducerConsumer", "ProducerConsumer", "{E8AAAC02-913D-4BEA-8879-007C236B2D6B}"
EndProject
Project("{2150E333-8FDC-42A3-9474-1A3956D46DE8}") = "CompetingConsumers", "CompetingConsumers", "{0DF2FCEF-B5B7-4E3D-A8F2-5A2465DC43B3}"
EndProject
Project("{FAE04EC0-301F-11D3-BF4B-00C04F79EFBC}") = "CompetingConsumers.Producer", "CompetingConsumers\CompetingConsumers.Producer\CompetingConsumers.Producer.csproj", "{52FDD37C-3A64-439C-9011-6CC0B12E884F}"
EndProject
Project("{FAE04EC0-301F-11D3-BF4B-00C04F79EFBC}") = "CompetingConsumers.Consumer", "CompetingConsumers\CompetingConsumers.Consumer\CompetingConsumers.Consumer.csproj", "{4091A055-9D85-443D-BC58-74F45C94A042}"
EndProject
Project("{2150E333-8FDC-42A3-9474-1A3956D46DE8}") = "PublisherSubscriber", "PublisherSubscriber", "{06F80355-7651-4183-B282-2092F04E3082}"
EndProject
Project("{FAE04EC0-301F-11D3-BF4B-00C04F79EFBC}") = "PublisherSubscriber.Publisher", "PublisherSubscriber\PublisherSubscriber.Publisher\PublisherSubscriber.Publisher.csproj", "{6FB18A42-E6EF-4483-B3AB-57A21218DA83}"
EndProject
Project("{FAE04EC0-301F-11D3-BF4B-00C04F79EFBC}") = "PublisherSubscriber.Subscriber", "PublisherSubscriber\PublisherSubscriber.Subscriber\PublisherSubscriber.Subscriber.csproj", "{6AA4DC97-EAFB-4615-9B40-0A9642B7B0D4}"
EndProject
Project("{FAE04EC0-301F-11D3-BF4B-00C04F79EFBC}") = "CompetingConsumers.AppHost", "CompetingConsumers\CompetingConsumers.AppHost\CompetingConsumers.AppHost.csproj", "{5F6C7F27-3E0F-4A79-8AEA-9FB011879A4D}"
EndProject
Project("{FAE04EC0-301F-11D3-BF4B-00C04F79EFBC}") = "ProducerConsumer.AppHost", "ProducerConsumer\ProducerConsumer.AppHost\ProducerConsumer.AppHost.csproj", "{04968CCC-6F04-40D8-9934-51F6F368A2BF}"
EndProject
Project("{FAE04EC0-301F-11D3-BF4B-00C04F79EFBC}") = "PublisherSubscriber.AppHost", "PublisherSubscriber\PublisherSubscriber.AppHost\PublisherSubscriber.AppHost.csproj", "{999F6831-5927-4333-A619-7F905DF00D5B}"
EndProject
Project("{2150E333-8FDC-42A3-9474-1A3956D46DE8}") = "RoutingDirect", "RoutingDirect", "{AD0A28F2-0DF3-477D-B545-5D6CAFF0EA2A}"
EndProject
Project("{2150E333-8FDC-42A3-9474-1A3956D46DE8}") = "RoutingTopic", "RoutingTopic", "{99D6F23D-26C8-4E9D-A4D4-4449207CB69F}"
EndProject
Project("{FAE04EC0-301F-11D3-BF4B-00C04F79EFBC}") = "RoutingDirect.AppHost", "RoutingDirect\RoutingDirect.AppHost\RoutingDirect.AppHost.csproj", "{FA6D1D88-834D-490A-B25B-B2559A68A38B}"
EndProject
Project("{FAE04EC0-301F-11D3-BF4B-00C04F79EFBC}") = "RoutingDirect.Publisher", "RoutingDirect\RoutingDirect.Publisher\RoutingDirect.Publisher.csproj", "{DF3C4F6B-C574-4193-8D20-9FE2FD447E04}"
EndProject
Project("{FAE04EC0-301F-11D3-BF4B-00C04F79EFBC}") = "RoutingDirect.Subscriber", "RoutingDirect\RoutingDirect.Subscriber\RoutingDirect.Subscriber.csproj", "{7561DD42-EDEC-4559-A7E0-C093719162A4}"
EndProject
Project("{FAE04EC0-301F-11D3-BF4B-00C04F79EFBC}") = "RoutingTopic.AppHost", "RoutingTopic\RoutingTopic.AppHost\RoutingTopic.AppHost.csproj", "{9F670C18-889D-4D91-A500-DE0F50C4256D}"
EndProject
Project("{FAE04EC0-301F-11D3-BF4B-00C04F79EFBC}") = "RoutingTopic.Publisher", "RoutingTopic\RoutingTopic.Publisher\RoutingTopic.Publisher.csproj", "{5D56152D-A5FE-4DAE-91B0-F0C89DFFB047}"
EndProject
Project("{FAE04EC0-301F-11D3-BF4B-00C04F79EFBC}") = "RoutingTopic.Subscriber", "RoutingTopic\RoutingTopic.Subscriber\RoutingTopic.Subscriber.csproj", "{8F2F0A22-3F1D-462F-9A25-B6F84198B0D6}"
EndProject
Project("{2150E333-8FDC-42A3-9474-1A3956D46DE8}") = "RequestReply", "RequestReply", "{AA3D4373-24F1-4656-B485-52260D990EF9}"
EndProject
Project("{FAE04EC0-301F-11D3-BF4B-00C04F79EFBC}") = "RequestReply.Client", "RequestReply\RequestReply.Client\RequestReply.Client.csproj", "{1796EAB7-4DD7-48FB-97BE-599B372E7568}"
EndProject
Project("{FAE04EC0-301F-11D3-BF4B-00C04F79EFBC}") = "RequestReply.Server", "RequestReply\RequestReply.Server\RequestReply.Server.csproj", "{59D7450E-4083-49EA-A0B6-E2FA076B1A1B}"
EndProject
Project("{FAE04EC0-301F-11D3-BF4B-00C04F79EFBC}") = "RequestReply.AppHost", "RequestReply\RequestReply.AppHost\RequestReply.AppHost.csproj", "{4CD0653C-F687-4A71-8EE1-5DFEE1DA94AF}"
EndProject
Global
	GlobalSection(SolutionConfigurationPlatforms) = preSolution
		Debug|Any CPU = Debug|Any CPU
		Release|Any CPU = Release|Any CPU
	EndGlobalSection
	GlobalSection(ProjectConfigurationPlatforms) = postSolution
		{E3D7197E-86F0-4CDB-A0CB-00366B815570}.Debug|Any CPU.ActiveCfg = Debug|Any CPU
		{E3D7197E-86F0-4CDB-A0CB-00366B815570}.Debug|Any CPU.Build.0 = Debug|Any CPU
		{E3D7197E-86F0-4CDB-A0CB-00366B815570}.Release|Any CPU.ActiveCfg = Release|Any CPU
		{E3D7197E-86F0-4CDB-A0CB-00366B815570}.Release|Any CPU.Build.0 = Release|Any CPU
		{DB5DC775-73ED-491A-9DB1-117F66F1A523}.Debug|Any CPU.ActiveCfg = Debug|Any CPU
		{DB5DC775-73ED-491A-9DB1-117F66F1A523}.Debug|Any CPU.Build.0 = Debug|Any CPU
		{DB5DC775-73ED-491A-9DB1-117F66F1A523}.Release|Any CPU.ActiveCfg = Release|Any CPU
		{DB5DC775-73ED-491A-9DB1-117F66F1A523}.Release|Any CPU.Build.0 = Release|Any CPU
		{512C6CD1-D089-4964-9884-8E84CA9E8855}.Debug|Any CPU.ActiveCfg = Debug|Any CPU
		{512C6CD1-D089-4964-9884-8E84CA9E8855}.Debug|Any CPU.Build.0 = Debug|Any CPU
		{512C6CD1-D089-4964-9884-8E84CA9E8855}.Release|Any CPU.ActiveCfg = Release|Any CPU
		{512C6CD1-D089-4964-9884-8E84CA9E8855}.Release|Any CPU.Build.0 = Release|Any CPU
		{52FDD37C-3A64-439C-9011-6CC0B12E884F}.Debug|Any CPU.ActiveCfg = Debug|Any CPU
		{52FDD37C-3A64-439C-9011-6CC0B12E884F}.Debug|Any CPU.Build.0 = Debug|Any CPU
		{52FDD37C-3A64-439C-9011-6CC0B12E884F}.Release|Any CPU.ActiveCfg = Release|Any CPU
		{52FDD37C-3A64-439C-9011-6CC0B12E884F}.Release|Any CPU.Build.0 = Release|Any CPU
		{4091A055-9D85-443D-BC58-74F45C94A042}.Debug|Any CPU.ActiveCfg = Debug|Any CPU
		{4091A055-9D85-443D-BC58-74F45C94A042}.Debug|Any CPU.Build.0 = Debug|Any CPU
		{4091A055-9D85-443D-BC58-74F45C94A042}.Release|Any CPU.ActiveCfg = Release|Any CPU
		{4091A055-9D85-443D-BC58-74F45C94A042}.Release|Any CPU.Build.0 = Release|Any CPU
		{6FB18A42-E6EF-4483-B3AB-57A21218DA83}.Debug|Any CPU.ActiveCfg = Debug|Any CPU
		{6FB18A42-E6EF-4483-B3AB-57A21218DA83}.Debug|Any CPU.Build.0 = Debug|Any CPU
		{6FB18A42-E6EF-4483-B3AB-57A21218DA83}.Release|Any CPU.ActiveCfg = Release|Any CPU
		{6FB18A42-E6EF-4483-B3AB-57A21218DA83}.Release|Any CPU.Build.0 = Release|Any CPU
		{6AA4DC97-EAFB-4615-9B40-0A9642B7B0D4}.Debug|Any CPU.ActiveCfg = Debug|Any CPU
		{6AA4DC97-EAFB-4615-9B40-0A9642B7B0D4}.Debug|Any CPU.Build.0 = Debug|Any CPU
		{6AA4DC97-EAFB-4615-9B40-0A9642B7B0D4}.Release|Any CPU.ActiveCfg = Release|Any CPU
		{6AA4DC97-EAFB-4615-9B40-0A9642B7B0D4}.Release|Any CPU.Build.0 = Release|Any CPU
		{5F6C7F27-3E0F-4A79-8AEA-9FB011879A4D}.Debug|Any CPU.ActiveCfg = Debug|Any CPU
		{5F6C7F27-3E0F-4A79-8AEA-9FB011879A4D}.Debug|Any CPU.Build.0 = Debug|Any CPU
		{5F6C7F27-3E0F-4A79-8AEA-9FB011879A4D}.Release|Any CPU.ActiveCfg = Release|Any CPU
		{5F6C7F27-3E0F-4A79-8AEA-9FB011879A4D}.Release|Any CPU.Build.0 = Release|Any CPU
		{04968CCC-6F04-40D8-9934-51F6F368A2BF}.Debug|Any CPU.ActiveCfg = Debug|Any CPU
		{04968CCC-6F04-40D8-9934-51F6F368A2BF}.Debug|Any CPU.Build.0 = Debug|Any CPU
		{04968CCC-6F04-40D8-9934-51F6F368A2BF}.Release|Any CPU.ActiveCfg = Release|Any CPU
		{04968CCC-6F04-40D8-9934-51F6F368A2BF}.Release|Any CPU.Build.0 = Release|Any CPU
		{999F6831-5927-4333-A619-7F905DF00D5B}.Debug|Any CPU.ActiveCfg = Debug|Any CPU
		{999F6831-5927-4333-A619-7F905DF00D5B}.Debug|Any CPU.Build.0 = Debug|Any CPU
		{999F6831-5927-4333-A619-7F905DF00D5B}.Release|Any CPU.ActiveCfg = Release|Any CPU
		{999F6831-5927-4333-A619-7F905DF00D5B}.Release|Any CPU.Build.0 = Release|Any CPU
		{FA6D1D88-834D-490A-B25B-B2559A68A38B}.Debug|Any CPU.ActiveCfg = Debug|Any CPU
		{FA6D1D88-834D-490A-B25B-B2559A68A38B}.Debug|Any CPU.Build.0 = Debug|Any CPU
		{FA6D1D88-834D-490A-B25B-B2559A68A38B}.Release|Any CPU.ActiveCfg = Release|Any CPU
		{FA6D1D88-834D-490A-B25B-B2559A68A38B}.Release|Any CPU.Build.0 = Release|Any CPU
		{DF3C4F6B-C574-4193-8D20-9FE2FD447E04}.Debug|Any CPU.ActiveCfg = Debug|Any CPU
		{DF3C4F6B-C574-4193-8D20-9FE2FD447E04}.Debug|Any CPU.Build.0 = Debug|Any CPU
		{DF3C4F6B-C574-4193-8D20-9FE2FD447E04}.Release|Any CPU.ActiveCfg = Release|Any CPU
		{DF3C4F6B-C574-4193-8D20-9FE2FD447E04}.Release|Any CPU.Build.0 = Release|Any CPU
		{7561DD42-EDEC-4559-A7E0-C093719162A4}.Debug|Any CPU.ActiveCfg = Debug|Any CPU
		{7561DD42-EDEC-4559-A7E0-C093719162A4}.Debug|Any CPU.Build.0 = Debug|Any CPU
		{7561DD42-EDEC-4559-A7E0-C093719162A4}.Release|Any CPU.ActiveCfg = Release|Any CPU
		{7561DD42-EDEC-4559-A7E0-C093719162A4}.Release|Any CPU.Build.0 = Release|Any CPU
		{9F670C18-889D-4D91-A500-DE0F50C4256D}.Debug|Any CPU.ActiveCfg = Debug|Any CPU
		{9F670C18-889D-4D91-A500-DE0F50C4256D}.Debug|Any CPU.Build.0 = Debug|Any CPU
		{9F670C18-889D-4D91-A500-DE0F50C4256D}.Release|Any CPU.ActiveCfg = Release|Any CPU
		{9F670C18-889D-4D91-A500-DE0F50C4256D}.Release|Any CPU.Build.0 = Release|Any CPU
		{5D56152D-A5FE-4DAE-91B0-F0C89DFFB047}.Debug|Any CPU.ActiveCfg = Debug|Any CPU
		{5D56152D-A5FE-4DAE-91B0-F0C89DFFB047}.Debug|Any CPU.Build.0 = Debug|Any CPU
		{5D56152D-A5FE-4DAE-91B0-F0C89DFFB047}.Release|Any CPU.ActiveCfg = Release|Any CPU
		{5D56152D-A5FE-4DAE-91B0-F0C89DFFB047}.Release|Any CPU.Build.0 = Release|Any CPU
		{8F2F0A22-3F1D-462F-9A25-B6F84198B0D6}.Debug|Any CPU.ActiveCfg = Debug|Any CPU
		{8F2F0A22-3F1D-462F-9A25-B6F84198B0D6}.Debug|Any CPU.Build.0 = Debug|Any CPU
		{8F2F0A22-3F1D-462F-9A25-B6F84198B0D6}.Release|Any CPU.ActiveCfg = Release|Any CPU
		{8F2F0A22-3F1D-462F-9A25-B6F84198B0D6}.Release|Any CPU.Build.0 = Release|Any CPU
		{1796EAB7-4DD7-48FB-97BE-599B372E7568}.Debug|Any CPU.ActiveCfg = Debug|Any CPU
		{1796EAB7-4DD7-48FB-97BE-599B372E7568}.Debug|Any CPU.Build.0 = Debug|Any CPU
		{1796EAB7-4DD7-48FB-97BE-599B372E7568}.Release|Any CPU.ActiveCfg = Release|Any CPU
		{1796EAB7-4DD7-48FB-97BE-599B372E7568}.Release|Any CPU.Build.0 = Release|Any CPU
		{59D7450E-4083-49EA-A0B6-E2FA076B1A1B}.Debug|Any CPU.ActiveCfg = Debug|Any CPU
		{59D7450E-4083-49EA-A0B6-E2FA076B1A1B}.Debug|Any CPU.Build.0 = Debug|Any CPU
		{59D7450E-4083-49EA-A0B6-E2FA076B1A1B}.Release|Any CPU.ActiveCfg = Release|Any CPU
		{59D7450E-4083-49EA-A0B6-E2FA076B1A1B}.Release|Any CPU.Build.0 = Release|Any CPU
		{4CD0653C-F687-4A71-8EE1-5DFEE1DA94AF}.Debug|Any CPU.ActiveCfg = Debug|Any CPU
		{4CD0653C-F687-4A71-8EE1-5DFEE1DA94AF}.Debug|Any CPU.Build.0 = Debug|Any CPU
		{4CD0653C-F687-4A71-8EE1-5DFEE1DA94AF}.Release|Any CPU.ActiveCfg = Release|Any CPU
		{4CD0653C-F687-4A71-8EE1-5DFEE1DA94AF}.Release|Any CPU.Build.0 = Release|Any CPU
	EndGlobalSection
	GlobalSection(NestedProjects) = preSolution
		{512C6CD1-D089-4964-9884-8E84CA9E8855} = {E8AAAC02-913D-4BEA-8879-007C236B2D6B}
		{DB5DC775-73ED-491A-9DB1-117F66F1A523} = {E8AAAC02-913D-4BEA-8879-007C236B2D6B}
		{52FDD37C-3A64-439C-9011-6CC0B12E884F} = {0DF2FCEF-B5B7-4E3D-A8F2-5A2465DC43B3}
		{4091A055-9D85-443D-BC58-74F45C94A042} = {0DF2FCEF-B5B7-4E3D-A8F2-5A2465DC43B3}
		{6FB18A42-E6EF-4483-B3AB-57A21218DA83} = {06F80355-7651-4183-B282-2092F04E3082}
		{6AA4DC97-EAFB-4615-9B40-0A9642B7B0D4} = {06F80355-7651-4183-B282-2092F04E3082}
		{5F6C7F27-3E0F-4A79-8AEA-9FB011879A4D} = {0DF2FCEF-B5B7-4E3D-A8F2-5A2465DC43B3}
		{04968CCC-6F04-40D8-9934-51F6F368A2BF} = {E8AAAC02-913D-4BEA-8879-007C236B2D6B}
		{999F6831-5927-4333-A619-7F905DF00D5B} = {06F80355-7651-4183-B282-2092F04E3082}
		{FA6D1D88-834D-490A-B25B-B2559A68A38B} = {AD0A28F2-0DF3-477D-B545-5D6CAFF0EA2A}
		{DF3C4F6B-C574-4193-8D20-9FE2FD447E04} = {AD0A28F2-0DF3-477D-B545-5D6CAFF0EA2A}
		{7561DD42-EDEC-4559-A7E0-C093719162A4} = {AD0A28F2-0DF3-477D-B545-5D6CAFF0EA2A}
		{9F670C18-889D-4D91-A500-DE0F50C4256D} = {99D6F23D-26C8-4E9D-A4D4-4449207CB69F}
		{5D56152D-A5FE-4DAE-91B0-F0C89DFFB047} = {99D6F23D-26C8-4E9D-A4D4-4449207CB69F}
		{8F2F0A22-3F1D-462F-9A25-B6F84198B0D6} = {99D6F23D-26C8-4E9D-A4D4-4449207CB69F}
		{1796EAB7-4DD7-48FB-97BE-599B372E7568} = {AA3D4373-24F1-4656-B485-52260D990EF9}
		{59D7450E-4083-49EA-A0B6-E2FA076B1A1B} = {AA3D4373-24F1-4656-B485-52260D990EF9}
		{4CD0653C-F687-4A71-8EE1-5DFEE1DA94AF} = {AA3D4373-24F1-4656-B485-52260D990EF9}
	EndGlobalSection
EndGlobal
