
Microsoft Visual Studio Solution File, Format Version 12.00
Project("{FAE04EC0-301F-11D3-BF4B-00C04F79EFBC}") = "ServiceDefaults", "ServiceDefaults\ServiceDefaults.csproj", "{E3D7197E-86F0-4CDB-A0CB-00366B815570}"
EndProject
Project("{FAE04EC0-301F-11D3-BF4B-00C04F79EFBC}") = "ProducerConsumer.Producer", "ProducerConsumer\ProducerConsumer.Producer\ProducerConsumer.Producer.csproj", "{DB5DC775-73ED-491A-9DB1-117F66F1A523}"
EndProject
Project("{FAE04EC0-301F-11D3-BF4B-00C04F79EFBC}") = "ProducerConsumer.Consumer", "ProducerConsumer\ProducerConsumer.Consumer\ProducerConsumer.Consumer.csproj", "{512C6CD1-D089-4964-9884-8E84CA9E8855}"
EndProject
Project("{2150E333-8FDC-42A3-9474-1A3956D46DE8}") = "ProducerConsumer", "ProducerConsumer", "{E8AAAC02-913D-4BEA-8879-007C236B2D6B}"
EndProject
Project("{2150E333-8FDC-42A3-9474-1A3956D46DE8}") = "CompetingConsumers", "CompetingConsumers", "{0DF2FCEF-B5B7-4E3D-A8F2-5A2465DC43B3}"
EndProject
Project("{FAE04EC0-301F-11D3-BF4B-00C04F79EFBC}") = "CompetingConsumers.Producer", "CompetingConsumers\CompetingConsumers.Producer\CompetingConsumers.Producer.csproj", "{52FDD37C-3A64-439C-9011-6CC0B12E884F}"
EndProject
Project("{FAE04EC0-301F-11D3-BF4B-00C04F79EFBC}") = "CompetingConsumers.Consumer", "CompetingConsumers\CompetingConsumers.Consumer\CompetingConsumers.Consumer.csproj", "{4091A055-9D85-443D-BC58-74F45C94A042}"
EndProject
Project("{FAE04EC0-301F-11D3-BF4B-00C04F79EFBC}") = "AppHost", "AppHost\AppHost.csproj", "{42860EBB-A8E1-469F-8BED-660CA839BA01}"
EndProject
Global
	GlobalSection(SolutionConfigurationPlatforms) = preSolution
		Debug|Any CPU = Debug|Any CPU
		Release|Any CPU = Release|Any CPU
	EndGlobalSection
	GlobalSection(ProjectConfigurationPlatforms) = postSolution
		{E3D7197E-86F0-4CDB-A0CB-00366B815570}.Debug|Any CPU.ActiveCfg = Debug|Any CPU
		{E3D7197E-86F0-4CDB-A0CB-00366B815570}.Debug|Any CPU.Build.0 = Debug|Any CPU
		{E3D7197E-86F0-4CDB-A0CB-00366B815570}.Release|Any CPU.ActiveCfg = Release|Any CPU
		{E3D7197E-86F0-4CDB-A0CB-00366B815570}.Release|Any CPU.Build.0 = Release|Any CPU
		{DB5DC775-73ED-491A-9DB1-117F66F1A523}.Debug|Any CPU.ActiveCfg = Debug|Any CPU
		{DB5DC775-73ED-491A-9DB1-117F66F1A523}.Debug|Any CPU.Build.0 = Debug|Any CPU
		{DB5DC775-73ED-491A-9DB1-117F66F1A523}.Release|Any CPU.ActiveCfg = Release|Any CPU
		{DB5DC775-73ED-491A-9DB1-117F66F1A523}.Release|Any CPU.Build.0 = Release|Any CPU
		{512C6CD1-D089-4964-9884-8E84CA9E8855}.Debug|Any CPU.ActiveCfg = Debug|Any CPU
		{512C6CD1-D089-4964-9884-8E84CA9E8855}.Debug|Any CPU.Build.0 = Debug|Any CPU
		{512C6CD1-D089-4964-9884-8E84CA9E8855}.Release|Any CPU.ActiveCfg = Release|Any CPU
		{512C6CD1-D089-4964-9884-8E84CA9E8855}.Release|Any CPU.Build.0 = Release|Any CPU
		{52FDD37C-3A64-439C-9011-6CC0B12E884F}.Debug|Any CPU.ActiveCfg = Debug|Any CPU
		{52FDD37C-3A64-439C-9011-6CC0B12E884F}.Debug|Any CPU.Build.0 = Debug|Any CPU
		{52FDD37C-3A64-439C-9011-6CC0B12E884F}.Release|Any CPU.ActiveCfg = Release|Any CPU
		{52FDD37C-3A64-439C-9011-6CC0B12E884F}.Release|Any CPU.Build.0 = Release|Any CPU
		{4091A055-9D85-443D-BC58-74F45C94A042}.Debug|Any CPU.ActiveCfg = Debug|Any CPU
		{4091A055-9D85-443D-BC58-74F45C94A042}.Debug|Any CPU.Build.0 = Debug|Any CPU
		{4091A055-9D85-443D-BC58-74F45C94A042}.Release|Any CPU.ActiveCfg = Release|Any CPU
		{4091A055-9D85-443D-BC58-74F45C94A042}.Release|Any CPU.Build.0 = Release|Any CPU
		{42860EBB-A8E1-469F-8BED-660CA839BA01}.Debug|Any CPU.ActiveCfg = Debug|Any CPU
		{42860EBB-A8E1-469F-8BED-660CA839BA01}.Debug|Any CPU.Build.0 = Debug|Any CPU
		{42860EBB-A8E1-469F-8BED-660CA839BA01}.Release|Any CPU.ActiveCfg = Release|Any CPU
		{42860EBB-A8E1-469F-8BED-660CA839BA01}.Release|Any CPU.Build.0 = Release|Any CPU
	EndGlobalSection
	GlobalSection(NestedProjects) = preSolution
		{512C6CD1-D089-4964-9884-8E84CA9E8855} = {E8AAAC02-913D-4BEA-8879-007C236B2D6B}
		{DB5DC775-73ED-491A-9DB1-117F66F1A523} = {E8AAAC02-913D-4BEA-8879-007C236B2D6B}
		{52FDD37C-3A64-439C-9011-6CC0B12E884F} = {0DF2FCEF-B5B7-4E3D-A8F2-5A2465DC43B3}
		{4091A055-9D85-443D-BC58-74F45C94A042} = {0DF2FCEF-B5B7-4E3D-A8F2-5A2465DC43B3}
	EndGlobalSection
EndGlobal
